
Microsoft Visual Studio Solution File, Format Version 12.00
# Visual Studio 15
VisualStudioVersion = 15.0.34112.143
MinimumVisualStudioVersion = 10.0.40219.1
Project("{FAE04EC0-301F-11D3-BF4B-00C04F79EFBC}") = "SwappingArrays.Console", "SwappingArrays.Console\SwappingArrays.Console.csproj", "{791C71C4-0967-4BEC-BD97-F0E21DFCAF1E}"
EndProject
Project("{FAE04EC0-301F-11D3-BF4B-00C04F79EFBC}") = "SwappingArrays.Models", "SwappingArrays.Models\SwappingArrays.Models.csproj", "{A66BC1F3-6359-4CDA-9792-E50A5009B6B3}"
EndProject
Project("{FAE04EC0-301F-11D3-BF4B-00C04F79EFBC}") = "SwappingArrays.Logic", "SwappingArrays.Logic\SwappingArrays.Logic.csproj", "{3D0F134A-5BC7-4056-A881-5D43049B2A09}"
EndProject
Global
	GlobalSection(SolutionConfigurationPlatforms) = preSolution
		Debug|Any CPU = Debug|Any CPU
		Release|Any CPU = Release|Any CPU
	EndGlobalSection
	GlobalSection(ProjectConfigurationPlatforms) = postSolution
		{791C71C4-0967-4BEC-BD97-F0E21DFCAF1E}.Debug|Any CPU.ActiveCfg = Debug|Any CPU
		{791C71C4-0967-4BEC-BD97-F0E21DFCAF1E}.Debug|Any CPU.Build.0 = Debug|Any CPU
		{791C71C4-0967-4BEC-BD97-F0E21DFCAF1E}.Release|Any CPU.ActiveCfg = Release|Any CPU
		{791C71C4-0967-4BEC-BD97-F0E21DFCAF1E}.Release|Any CPU.Build.0 = Release|Any CPU
		{A66BC1F3-6359-4CDA-9792-E50A5009B6B3}.Debug|Any CPU.ActiveCfg = Debug|Any CPU
		{A66BC1F3-6359-4CDA-9792-E50A5009B6B3}.Debug|Any CPU.Build.0 = Debug|Any CPU
		{A66BC1F3-6359-4CDA-9792-E50A5009B6B3}.Release|Any CPU.ActiveCfg = Release|Any CPU
		{A66BC1F3-6359-4CDA-9792-E50A5009B6B3}.Release|Any CPU.Build.0 = Release|Any CPU
		{3D0F134A-5BC7-4056-A881-5D43049B2A09}.Debug|Any CPU.ActiveCfg = Debug|Any CPU
		{3D0F134A-5BC7-4056-A881-5D43049B2A09}.Debug|Any CPU.Build.0 = Debug|Any CPU
		{3D0F134A-5BC7-4056-A881-5D43049B2A09}.Release|Any CPU.ActiveCfg = Release|Any CPU
		{3D0F134A-5BC7-4056-A881-5D43049B2A09}.Release|Any CPU.Build.0 = Release|Any CPU
	EndGlobalSection
	GlobalSection(SolutionProperties) = preSolution
		HideSolutionNode = FALSE
	EndGlobalSection
	GlobalSection(ExtensibilityGlobals) = postSolution
		SolutionGuid = {363DD9E7-C6ED-470C-9936-BC75E73D2871}
	EndGlobalSection
EndGlobal
